
Microsoft Visual Studio Solution File, Format Version 12.00
# Visual Studio Version 17
VisualStudioVersion = 17.8.34330.188
MinimumVisualStudioVersion = 10.0.40219.1
Project("{FAE04EC0-301F-11D3-BF4B-00C04F79EFBC}") = "DemoConsolaCF", "DemoConsolaCF\DemoConsolaCF.csproj", "{DD270FCE-E76A-4296-841A-868492041C5E}"
EndProject
Global
	GlobalSection(SolutionConfigurationPlatforms) = preSolution
		Debug|Any CPU = Debug|Any CPU
		Release|Any CPU = Release|Any CPU
	EndGlobalSection
	GlobalSection(ProjectConfigurationPlatforms) = postSolution
		{DD270FCE-E76A-4296-841A-868492041C5E}.Debug|Any CPU.ActiveCfg = Debug|Any CPU
		{DD270FCE-E76A-4296-841A-868492041C5E}.Debug|Any CPU.Build.0 = Debug|Any CPU
		{DD270FCE-E76A-4296-841A-868492041C5E}.Release|Any CPU.ActiveCfg = Release|Any CPU
		{DD270FCE-E76A-4296-841A-868492041C5E}.Release|Any CPU.Build.0 = Release|Any CPU
	EndGlobalSection
	GlobalSection(SolutionProperties) = preSolution
		HideSolutionNode = FALSE
	EndGlobalSection
	GlobalSection(ExtensibilityGlobals) = postSolution
		SolutionGuid = {5380B84E-82CF-46D2-8C71-02653F64E2D7}
	EndGlobalSection
EndGlobal
